
Microsoft Visual Studio Solution File, Format Version 12.00
# Visual Studio Version 17
VisualStudioVersion = 17.0.31903.59
MinimumVisualStudioVersion = 10.0.40219.1
Project("{2150E333-8FDC-42A3-9474-1A3956D46DE8}") = "src", "src", "{827E0CD3-B72D-47B6-A68D-7590B98EB39B}"
EndProject
Project("{FAE04EC0-301F-11D3-BF4B-00C04F79EFBC}") = "LincleLINK.Core", "src\LincleLINK.Core\LincleLINK.Core.csproj", "{3B7DB487-E28B-4F3E-BE6D-63C6082C2806}"
EndProject
Project("{FAE04EC0-301F-11D3-BF4B-00C04F79EFBC}") = "LincleLINK.App", "src\LincleLINK.App\LincleLINK.App.csproj", "{7174767D-E1C5-4619-84B6-D066070C9E9C}"
EndProject
Project("{2150E333-8FDC-42A3-9474-1A3956D46DE8}") = "tests", "tests", "{0AB3BF05-4346-4AA6-1389-037BE0695223}"
EndProject
Project("{FAE04EC0-301F-11D3-BF4B-00C04F79EFBC}") = "LincleLINK.Core.Tests", "tests\LincleLINK.Core.Tests\LincleLINK.Core.Tests.csproj", "{D6FE83F9-BF9C-45C2-BF58-5E13566A5D24}"
EndProject
Project("{FAE04EC0-301F-11D3-BF4B-00C04F79EFBC}") = "LincleLINK.App.Tests", "tests\LincleLINK.App.Tests\LincleLINK.App.Tests.csproj", "{53556D0E-CA32-4962-92A9-C30C8E7EE0EA}"
EndProject
Project("{FAE04EC0-301F-11D3-BF4B-00C04F79EFBC}") = "LincleLINK.App.Views.Tests", "tests\LincleLINK.App.Views.Tests\LincleLINK.App.Views.Tests.csproj", "{ECCA6F85-5F1D-4DC4-B645-519D8915C29A}"
EndProject
Global
	GlobalSection(SolutionConfigurationPlatforms) = preSolution
		Debug|Any CPU = Debug|Any CPU
		Debug|x64 = Debug|x64
		Debug|x86 = Debug|x86
		Release|Any CPU = Release|Any CPU
		Release|x64 = Release|x64
		Release|x86 = Release|x86
	EndGlobalSection
	GlobalSection(ProjectConfigurationPlatforms) = postSolution
		{3B7DB487-E28B-4F3E-BE6D-63C6082C2806}.Debug|Any CPU.ActiveCfg = Debug|Any CPU
		{3B7DB487-E28B-4F3E-BE6D-63C6082C2806}.Debug|Any CPU.Build.0 = Debug|Any CPU
		{3B7DB487-E28B-4F3E-BE6D-63C6082C2806}.Debug|x64.ActiveCfg = Debug|Any CPU
		{3B7DB487-E28B-4F3E-BE6D-63C6082C2806}.Debug|x64.Build.0 = Debug|Any CPU
		{3B7DB487-E28B-4F3E-BE6D-63C6082C2806}.Debug|x86.ActiveCfg = Debug|Any CPU
		{3B7DB487-E28B-4F3E-BE6D-63C6082C2806}.Debug|x86.Build.0 = Debug|Any CPU
		{3B7DB487-E28B-4F3E-BE6D-63C6082C2806}.Release|Any CPU.ActiveCfg = Release|Any CPU
		{3B7DB487-E28B-4F3E-BE6D-63C6082C2806}.Release|Any CPU.Build.0 = Release|Any CPU
		{3B7DB487-E28B-4F3E-BE6D-63C6082C2806}.Release|x64.ActiveCfg = Release|Any CPU
		{3B7DB487-E28B-4F3E-BE6D-63C6082C2806}.Release|x64.Build.0 = Release|Any CPU
		{3B7DB487-E28B-4F3E-BE6D-63C6082C2806}.Release|x86.ActiveCfg = Release|Any CPU
		{3B7DB487-E28B-4F3E-BE6D-63C6082C2806}.Release|x86.Build.0 = Release|Any CPU
		{7174767D-E1C5-4619-84B6-D066070C9E9C}.Debug|Any CPU.ActiveCfg = Debug|Any CPU
		{7174767D-E1C5-4619-84B6-D066070C9E9C}.Debug|Any CPU.Build.0 = Debug|Any CPU
		{7174767D-E1C5-4619-84B6-D066070C9E9C}.Debug|x64.ActiveCfg = Debug|Any CPU
		{7174767D-E1C5-4619-84B6-D066070C9E9C}.Debug|x64.Build.0 = Debug|Any CPU
		{7174767D-E1C5-4619-84B6-D066070C9E9C}.Debug|x86.ActiveCfg = Debug|Any CPU
		{7174767D-E1C5-4619-84B6-D066070C9E9C}.Debug|x86.Build.0 = Debug|Any CPU
		{7174767D-E1C5-4619-84B6-D066070C9E9C}.Release|Any CPU.ActiveCfg = Release|Any CPU
		{7174767D-E1C5-4619-84B6-D066070C9E9C}.Release|Any CPU.Build.0 = Release|Any CPU
		{7174767D-E1C5-4619-84B6-D066070C9E9C}.Release|x64.ActiveCfg = Release|Any CPU
		{7174767D-E1C5-4619-84B6-D066070C9E9C}.Release|x64.Build.0 = Release|Any CPU
		{7174767D-E1C5-4619-84B6-D066070C9E9C}.Release|x64.Deploy.0 = Release|Any CPU
		{7174767D-E1C5-4619-84B6-D066070C9E9C}.Release|x86.ActiveCfg = Release|Any CPU
		{7174767D-E1C5-4619-84B6-D066070C9E9C}.Release|x86.Build.0 = Release|Any CPU
		{D6FE83F9-BF9C-45C2-BF58-5E13566A5D24}.Debug|Any CPU.ActiveCfg = Debug|Any CPU
		{D6FE83F9-BF9C-45C2-BF58-5E13566A5D24}.Debug|Any CPU.Build.0 = Debug|Any CPU
		{D6FE83F9-BF9C-45C2-BF58-5E13566A5D24}.Debug|x64.ActiveCfg = Debug|Any CPU
		{D6FE83F9-BF9C-45C2-BF58-5E13566A5D24}.Debug|x64.Build.0 = Debug|Any CPU
		{D6FE83F9-BF9C-45C2-BF58-5E13566A5D24}.Debug|x86.ActiveCfg = Debug|Any CPU
		{D6FE83F9-BF9C-45C2-BF58-5E13566A5D24}.Debug|x86.Build.0 = Debug|Any CPU
		{D6FE83F9-BF9C-45C2-BF58-5E13566A5D24}.Release|Any CPU.ActiveCfg = Release|Any CPU
		{D6FE83F9-BF9C-45C2-BF58-5E13566A5D24}.Release|Any CPU.Build.0 = Release|Any CPU
		{D6FE83F9-BF9C-45C2-BF58-5E13566A5D24}.Release|x64.ActiveCfg = Release|Any CPU
		{D6FE83F9-BF9C-45C2-BF58-5E13566A5D24}.Release|x64.Build.0 = Release|Any CPU
		{D6FE83F9-BF9C-45C2-BF58-5E13566A5D24}.Release|x86.ActiveCfg = Release|Any CPU
		{D6FE83F9-BF9C-45C2-BF58-5E13566A5D24}.Release|x86.Build.0 = Release|Any CPU
		{53556D0E-CA32-4962-92A9-C30C8E7EE0EA}.Debug|Any CPU.ActiveCfg = Debug|Any CPU
		{53556D0E-CA32-4962-92A9-C30C8E7EE0EA}.Debug|Any CPU.Build.0 = Debug|Any CPU
		{53556D0E-CA32-4962-92A9-C30C8E7EE0EA}.Debug|x64.ActiveCfg = Debug|Any CPU
		{53556D0E-CA32-4962-92A9-C30C8E7EE0EA}.Debug|x64.Build.0 = Debug|Any CPU
		{53556D0E-CA32-4962-92A9-C30C8E7EE0EA}.Debug|x86.ActiveCfg = Debug|Any CPU
		{53556D0E-CA32-4962-92A9-C30C8E7EE0EA}.Debug|x86.Build.0 = Debug|Any CPU
		{53556D0E-CA32-4962-92A9-C30C8E7EE0EA}.Release|Any CPU.ActiveCfg = Release|Any CPU
		{53556D0E-CA32-4962-92A9-C30C8E7EE0EA}.Release|Any CPU.Build.0 = Release|Any CPU
		{53556D0E-CA32-4962-92A9-C30C8E7EE0EA}.Release|x64.ActiveCfg = Release|Any CPU
		{53556D0E-CA32-4962-92A9-C30C8E7EE0EA}.Release|x64.Build.0 = Release|Any CPU
		{53556D0E-CA32-4962-92A9-C30C8E7EE0EA}.Release|x86.ActiveCfg = Release|Any CPU
		{53556D0E-CA32-4962-92A9-C30C8E7EE0EA}.Release|x86.Build.0 = Release|Any CPU
		{ECCA6F85-5F1D-4DC4-B645-519D8915C29A}.Debug|Any CPU.ActiveCfg = Debug|Any CPU
		{ECCA6F85-5F1D-4DC4-B645-519D8915C29A}.Debug|Any CPU.Build.0 = Debug|Any CPU
		{ECCA6F85-5F1D-4DC4-B645-519D8915C29A}.Debug|x64.ActiveCfg = Debug|Any CPU
		{ECCA6F85-5F1D-4DC4-B645-519D8915C29A}.Debug|x64.Build.0 = Debug|Any CPU
		{ECCA6F85-5F1D-4DC4-B645-519D8915C29A}.Debug|x86.ActiveCfg = Debug|Any CPU
		{ECCA6F85-5F1D-4DC4-B645-519D8915C29A}.Debug|x86.Build.0 = Debug|Any CPU
		{ECCA6F85-5F1D-4DC4-B645-519D8915C29A}.Release|Any CPU.ActiveCfg = Release|Any CPU
		{ECCA6F85-5F1D-4DC4-B645-519D8915C29A}.Release|Any CPU.Build.0 = Release|Any CPU
		{ECCA6F85-5F1D-4DC4-B645-519D8915C29A}.Release|x64.ActiveCfg = Release|Any CPU
		{ECCA6F85-5F1D-4DC4-B645-519D8915C29A}.Release|x64.Build.0 = Release|Any CPU
		{ECCA6F85-5F1D-4DC4-B645-519D8915C29A}.Release|x86.ActiveCfg = Release|Any CPU
		{ECCA6F85-5F1D-4DC4-B645-519D8915C29A}.Release|x86.Build.0 = Release|Any CPU
	EndGlobalSection
	GlobalSection(SolutionProperties) = preSolution
		HideSolutionNode = FALSE
	EndGlobalSection
	GlobalSection(NestedProjects) = preSolution
		{3B7DB487-E28B-4F3E-BE6D-63C6082C2806} = {827E0CD3-B72D-47B6-A68D-7590B98EB39B}
		{7174767D-E1C5-4619-84B6-D066070C9E9C} = {827E0CD3-B72D-47B6-A68D-7590B98EB39B}
		{D6FE83F9-BF9C-45C2-BF58-5E13566A5D24} = {0AB3BF05-4346-4AA6-1389-037BE0695223}
		{53556D0E-CA32-4962-92A9-C30C8E7EE0EA} = {0AB3BF05-4346-4AA6-1389-037BE0695223}
		{ECCA6F85-5F1D-4DC4-B645-519D8915C29A} = {0AB3BF05-4346-4AA6-1389-037BE0695223}
	EndGlobalSection
EndGlobal
