{
  "version": 2,
  "dependencies": {
    "net10.0": {
      "Microsoft.Extensions.DependencyInjection.Abstractions": {
        "type": "Direct",
        "requested": "[10.0.10, )",
        "resolved": "10.0.10",
        "contentHash": "z/2xXlFw2aLGjHyEm6E0tQ+In6VfzQzTrtArbQ2c0TQE16ZbyDCMGPvaUT9I0s8rgy9sRWlU2P9waW37qV04qA=="
      },
      "MonoTorrent": {
        "type": "Direct",
        "requested": "[3.0.2, )",
        "resolved": "3.0.2",
        "contentHash": "kWy0mLj2MKX9uUGe3lnNYfyQhthjUK4IAMNJO8llXP9yB3ZYfGaAy9ag20wMcjTz2YfhKOW/uZ5FR//BYZGeYA==",
        "dependencies": {
          "Mono.Nat": "3.0.0",
          "ReusableTasks": "4.0.0"
        }
      },
      "Mono.Nat": {
        "type": "Transitive",
        "resolved": "3.0.0",
        "contentHash": "LgRC8/8plJfvr1nCPmyHNIwP4fs346doMA/UVDZvFN0RfGJdyD2uS7Dl1AydxjVLrIvad8ghozI0vYFWcfPeYQ=="
      },
      "ReusableTasks": {
        "type": "Transitive",
        "resolved": "4.0.0",
        "contentHash": "6EKzscjq+Q+uxD0N5GWUBO2N34cuDiJ08ZxRs1lqS0Hwvnjp6AgimUIX/8dqIxRZbPOG4gcikTMo+PM4D9CfaQ=="
      }
    }
  }
}